{
  "name": "express-echo",
  "version": "1.0.0",
  "lockfileVersion": 3,
  "requires": true,
  "packages": {
    "": {
      "name": "express-echo",
      "version": "1.0.0",
      "dependencies": {
        "@azure/functions": "^4.0.0"
      },
      "devDependencies": {}
    },
    "node_modules/.pnpm/cors@2.8.5": {
      "extraneous": true
    },
    "node_modules/.pnpm/object-assign@4.1.1/node_modules/object-assign": {
      "version": "4.1.1",
      "extraneous": true,
      "license": "MIT",
      "devDependencies": {
        "ava": "^0.16.0",
        "lodash": "^4.16.4",
        "matcha": "^0.7.0",
        "xo": "^0.16.0"
      },
      "engines": {
        "node": ">=0.10.0"
      }
    },
    "node_modules/.pnpm/vary@1.1.2/node_modules/vary": {
      "version": "1.1.2",
      "extraneous": true,
      "license": "MIT",
      "devDependencies": {
        "beautify-benchmark": "0.2.4",
        "benchmark": "2.1.4",
        "eslint": "3.19.0",
        "eslint-config-standard": "10.2.1",
        "eslint-plugin-import": "2.7.0",
        "eslint-plugin-markdown": "1.0.0-beta.6",
        "eslint-plugin-node": "5.1.1",
        "eslint-plugin-promise": "3.5.0",
        "eslint-plugin-standard": "3.0.1",
        "istanbul": "0.4.5",
        "mocha": "2.5.3",
        "supertest": "1.1.0"
      },
      "engines": {
        "node": ">= 0.8"
      }
    },
    "node_modules/@azure/functions": {
      "version": "4.2.0",
      "resolved": "https://registry.npmjs.org/@azure/functions/-/functions-4.2.0.tgz",
      "integrity": "sha512-RSECLoje4jGVpsVRjEzkna9KvmQOVeB96cg8J5J2g41QQpMWCzD1QTPI5+yI0uvOidGRLYElV1zHZjdvsGf9Nw==",
      "dependencies": {
        "long": "^4.0.0",
        "undici": "^5.13.0"
      },
      "engines": {
        "node": ">=18.0"
      }
    },
    "node_modules/@fastify/busboy": {
      "version": "2.1.0",
      "resolved": "https://registry.npmjs.org/@fastify/busboy/-/busboy-2.1.0.tgz",
      "integrity": "sha512-+KpH+QxZU7O4675t3mnkQKcZZg56u+K/Ct2K+N2AZYNVK8kyeo/bI18tI8aPm3tvNNRyTWfj6s5tnGNlcbQRsA==",
      "engines": {
        "node": ">=14"
      }
    },
    "node_modules/long": {
      "version": "4.0.0",
      "resolved": "https://registry.npmjs.org/long/-/long-4.0.0.tgz",
      "integrity": "sha512-XsP+KhQif4bjX1kbuSiySJFNAehNxgLb6hPRGJ9QsUr8ajHkuXGdrHmFUTUUXhDwVX2R5bY4JNZEwbUiMhV+MA=="
    },
    "node_modules/undici": {
      "version": "5.28.3",
      "resolved": "https://registry.npmjs.org/undici/-/undici-5.28.3.tgz",
      "integrity": "sha512-3ItfzbrhDlINjaP0duwnNsKpDQk3acHI3gVJ1z4fmwMK31k5G9OVIAMLSIaP6w4FaGkaAkN6zaQO9LUvZ1t7VA==",
      "dependencies": {
        "@fastify/busboy": "^2.0.0"
      },
      "engines": {
        "node": ">=14.0"
      }
    }
  }
}
